
Microsoft Visual Studio Solution File, Format Version 12.00
# Visual Studio Version 17
VisualStudioVersion = 17.10.34916.146
MinimumVisualStudioVersion = 10.0.40219.1
Project("{FAE04EC0-301F-11D3-BF4B-00C04F79EFBC}") = "Appli meteo C#", "Appli meteo C#\Appli meteo C#.csproj", "{CC50AEF5-90FA-4AA9-95E5-DC15DC82E1D2}"
EndProject
Project("{2150E333-8FDC-42A3-9474-1A3956D46DE8}") = "Éléments de solution", "Éléments de solution", "{ECFBA4E5-DE39-4999-93AB-C0533457124C}"
EndProject
Global
	GlobalSection(SolutionConfigurationPlatforms) = preSolution
		Debug|Any CPU = Debug|Any CPU
		Release|Any CPU = Release|Any CPU
	EndGlobalSection
	GlobalSection(ProjectConfigurationPlatforms) = postSolution
		{CC50AEF5-90FA-4AA9-95E5-DC15DC82E1D2}.Debug|Any CPU.ActiveCfg = Debug|Any CPU
		{CC50AEF5-90FA-4AA9-95E5-DC15DC82E1D2}.Debug|Any CPU.Build.0 = Debug|Any CPU
		{CC50AEF5-90FA-4AA9-95E5-DC15DC82E1D2}.Release|Any CPU.ActiveCfg = Release|Any CPU
		{CC50AEF5-90FA-4AA9-95E5-DC15DC82E1D2}.Release|Any CPU.Build.0 = Release|Any CPU
	EndGlobalSection
	GlobalSection(SolutionProperties) = preSolution
		HideSolutionNode = FALSE
	EndGlobalSection
	GlobalSection(ExtensibilityGlobals) = postSolution
		SolutionGuid = {D191868C-976E-4A17-9E3A-95DAAE3D06F8}
	EndGlobalSection
EndGlobal
